
Microsoft Visual Studio Solution File, Format Version 12.00
# Visual Studio Version 16
VisualStudioVersion = 16.0.29609.76
MinimumVisualStudioVersion = 10.0.40219.1
Project("{FAE04EC0-301F-11D3-BF4B-00C04F79EFBC}") = "SeleniumBeginner", "SeleniumBeginner\SeleniumBeginner.csproj", "{492154C3-083A-44D3-B543-2A1C96754FBE}"
EndProject
Global
	GlobalSection(SolutionConfigurationPlatforms) = preSolution
		Debug|Any CPU = Debug|Any CPU
		Release|Any CPU = Release|Any CPU
	EndGlobalSection
	GlobalSection(ProjectConfigurationPlatforms) = postSolution
		{492154C3-083A-44D3-B543-2A1C96754FBE}.Debug|Any CPU.ActiveCfg = Debug|Any CPU
		{492154C3-083A-44D3-B543-2A1C96754FBE}.Debug|Any CPU.Build.0 = Debug|Any CPU
		{492154C3-083A-44D3-B543-2A1C96754FBE}.Release|Any CPU.ActiveCfg = Release|Any CPU
		{492154C3-083A-44D3-B543-2A1C96754FBE}.Release|Any CPU.Build.0 = Release|Any CPU
	EndGlobalSection
	GlobalSection(SolutionProperties) = preSolution
		HideSolutionNode = FALSE
	EndGlobalSection
	GlobalSection(ExtensibilityGlobals) = postSolution
		SolutionGuid = {BEF656E1-0278-410B-B244-45FB55D5E403}
	EndGlobalSection
EndGlobal
